
Microsoft Visual Studio Solution File, Format Version 12.00
# Visual Studio Version 17
VisualStudioVersion = 17.11.35303.130
MinimumVisualStudioVersion = 10.0.40219.1
Project("{2150E333-8FDC-42A3-9474-1A3956D46DE8}") = "Task0", "Task0", "{990E5F6F-E40E-4391-A172-8F11A93EC7C3}"
EndProject
Project("{FAE04EC0-301F-11D3-BF4B-00C04F79EFBC}") = "Tyuiu.BaldinAA.Sprint3.Task0.V8", "Tyuiu.BaldinAA.Sprint3.Task0.V8\Tyuiu.BaldinAA.Sprint3.Task0.V8.csproj", "{E21B64E2-426E-4D4B-8419-549C1FD2E115}"
EndProject
Project("{FAE04EC0-301F-11D3-BF4B-00C04F79EFBC}") = "Tyuiu.BaldinAA.Sprint3.Task0.V8.Lib", "Tyuiu.BaldinAA.Sprint3.Task0.V8.Lib\Tyuiu.BaldinAA.Sprint3.Task0.V8.Lib.csproj", "{4E6354C6-2267-4C2E-9A2B-A06D8FAD56DC}"
EndProject
Project("{FAE04EC0-301F-11D3-BF4B-00C04F79EFBC}") = "Tyuiu.BaldinAA.Sprint3.Task0.V8.Test", "Tyuiu.BaldinAA.Sprint3.Task0.V8.Test\Tyuiu.BaldinAA.Sprint3.Task0.V8.Test.csproj", "{6AC61C1C-DD98-4D8A-9917-EF5B57CB2492}"
EndProject
Project("{2150E333-8FDC-42A3-9474-1A3956D46DE8}") = "Task1", "Task1", "{14BBE0E2-8BD5-4679-8382-DEA83061213A}"
EndProject
Project("{FAE04EC0-301F-11D3-BF4B-00C04F79EFBC}") = "Tyuiu.BaldinAA.Sprint3.Task1.V19", "Tyuiu.BaldinAA.Sprint3.Task1.V19\Tyuiu.BaldinAA.Sprint3.Task1.V19.csproj", "{61178A47-C52C-43C0-93E5-33BE7C5BADB2}"
EndProject
Project("{FAE04EC0-301F-11D3-BF4B-00C04F79EFBC}") = "Tyuiu.BaldinAA.Sprint3.Task1.V19.Lib", "Tyuiu.BaldinAA.Sprint3.Task1.V19.Lib\Tyuiu.BaldinAA.Sprint3.Task1.V19.Lib.csproj", "{B7DD55B9-20A3-4492-9000-038AD217F58D}"
EndProject
Project("{FAE04EC0-301F-11D3-BF4B-00C04F79EFBC}") = "Tyuiu.BaldinAA.Sprint3.Task1.V19.Test", "Tyuiu.BaldinAA.Sprint3.Task1.V19.Test\Tyuiu.BaldinAA.Sprint3.Task1.V19.Test.csproj", "{216739DB-68D1-4A97-B3FF-6AD6A0A4A02F}"
EndProject
Project("{2150E333-8FDC-42A3-9474-1A3956D46DE8}") = "Task2", "Task2", "{557D8514-1A0B-4434-93A9-F378920BEA06}"
EndProject
Project("{2150E333-8FDC-42A3-9474-1A3956D46DE8}") = "Task3", "Task3", "{65ACE34F-D649-4BCF-BD00-A6910152DE1B}"
EndProject
Project("{2150E333-8FDC-42A3-9474-1A3956D46DE8}") = "Task4", "Task4", "{93847F00-8756-4A4F-99A7-44D5EF6A1881}"
EndProject
Project("{2150E333-8FDC-42A3-9474-1A3956D46DE8}") = "Task5", "Task5", "{63316A17-7C61-4F4C-A4F6-B98172870478}"
EndProject
Project("{FAE04EC0-301F-11D3-BF4B-00C04F79EFBC}") = "Tyuiu.BaldinAA.Sprint3.Task2.V21", "Tyuiu.BaldinAA.Sprint3.Task2.V21\Tyuiu.BaldinAA.Sprint3.Task2.V21.csproj", "{32C6F44D-753A-4747-B201-36A3D9F36625}"
EndProject
Project("{FAE04EC0-301F-11D3-BF4B-00C04F79EFBC}") = "Tyuiu.BaldinAA.Sprint3.Task2.V21.Lib", "Tyuiu.BaldinAA.Sprint3.Task2.V21.Lib\Tyuiu.BaldinAA.Sprint3.Task2.V21.Lib.csproj", "{3247FB96-9442-4C20-8E7A-530477A26356}"
EndProject
Project("{FAE04EC0-301F-11D3-BF4B-00C04F79EFBC}") = "Tyuiu.BaldinAA.Sprint3.Task2.V21.Test", "Tyuiu.BaldinAA.Sprint3.Task2.V21.Test\Tyuiu.BaldinAA.Sprint3.Task2.V21.Test.csproj", "{4BBE76BF-49AE-4CAC-BC31-B9BB7F3745E1}"
EndProject
Project("{FAE04EC0-301F-11D3-BF4B-00C04F79EFBC}") = "Tyuiu.BaldinAA.Sprint3.Task3.V10", "Tyuiu.BaldinAA.Sprint3.Task3.V10\Tyuiu.BaldinAA.Sprint3.Task3.V10.csproj", "{AA763F25-04E6-41D1-BE5D-609442E0B868}"
EndProject
Project("{FAE04EC0-301F-11D3-BF4B-00C04F79EFBC}") = "Tyuiu.BaldinAA.Sprint3.Task3.V10.Lib", "Tyuiu.BaldinAA.Sprint3.Task3.V10.Lib\Tyuiu.BaldinAA.Sprint3.Task3.V10.Lib.csproj", "{6FB384BF-6A8A-4A61-85C6-121C90CE0E56}"
EndProject
Project("{FAE04EC0-301F-11D3-BF4B-00C04F79EFBC}") = "Tyuiu.BaldinAA.Sprint3.Task3.V10.Test", "Tyuiu.BaldinAA.Sprint3.Task3.V10.Test\Tyuiu.BaldinAA.Sprint3.Task3.V10.Test.csproj", "{3531875E-CAFC-4E1F-96AD-C3CCF86E812F}"
EndProject
Project("{FAE04EC0-301F-11D3-BF4B-00C04F79EFBC}") = "Tyuiu.BaldinAA.Sprint3.Task4.V27", "Tyuiu.BaldinAA.Sprint3.Task4.V27\Tyuiu.BaldinAA.Sprint3.Task4.V27.csproj", "{2E3C2A52-4095-4190-839B-9600BD8011E4}"
EndProject
Project("{FAE04EC0-301F-11D3-BF4B-00C04F79EFBC}") = "Tyuiu.BaldinAA.Sprint3.Task4.V27.Lib", "Tyuiu.BaldinAA.Sprint3.Task4.V27.Lib\Tyuiu.BaldinAA.Sprint3.Task4.V27.Lib.csproj", "{85C0311C-3A6E-4A13-8B44-E6F3EF11DACF}"
EndProject
Project("{FAE04EC0-301F-11D3-BF4B-00C04F79EFBC}") = "Tyuiu.BaldinAA.Sprint3.Task4.V27.Test", "Tyuiu.BaldinAA.Sprint3.Task4.V27.Test\Tyuiu.BaldinAA.Sprint3.Task4.V27.Test.csproj", "{8F4270D7-0629-4A49-9FF3-75736047E099}"
EndProject
Project("{FAE04EC0-301F-11D3-BF4B-00C04F79EFBC}") = "Tyuiu.BaldinAA.Sprint3.Task5.V7", "Tyuiu.BaldinAA.Sprint3.Task5.V7\Tyuiu.BaldinAA.Sprint3.Task5.V7.csproj", "{DB487BFE-3A7D-4827-8E2B-55FFC718A5D2}"
EndProject
Project("{FAE04EC0-301F-11D3-BF4B-00C04F79EFBC}") = "Tyuiu.BaldinAA.Sprint3.Task5.V7.Lib", "Tyuiu.BaldinAA.Sprint3.Task5.V7.Lib\Tyuiu.BaldinAA.Sprint3.Task5.V7.Lib.csproj", "{0512FFCD-8C2B-4F50-8086-E7077E1EF549}"
EndProject
Project("{FAE04EC0-301F-11D3-BF4B-00C04F79EFBC}") = "Tyuiu.BaldinAA.Sprint3.Task5.V7.Test", "Tyuiu.BaldinAA.Sprint3.Task5.V7.Test\Tyuiu.BaldinAA.Sprint3.Task5.V7.Test.csproj", "{9F9DE549-169A-4898-8BE4-8280DB2F4DA5}"
EndProject
Project("{2150E333-8FDC-42A3-9474-1A3956D46DE8}") = "Task6", "Task6", "{59954BFF-3157-4A66-AD12-3A7FF7CF2030}"
EndProject
Project("{FAE04EC0-301F-11D3-BF4B-00C04F79EFBC}") = "Tyuiu.BaldinAA.Sprint3.Task6.V29", "Tyuiu.BaldinAA.Sprint3.Task6.V29\Tyuiu.BaldinAA.Sprint3.Task6.V29.csproj", "{363E6646-4246-4945-A5FE-105190B5BF60}"
EndProject
Project("{FAE04EC0-301F-11D3-BF4B-00C04F79EFBC}") = "Tyuiu.BaldinAA.Sprint3.Task6.V29.Lib", "Tyuiu.BaldinAA.Sprint3.Task6.V29.Lib\Tyuiu.BaldinAA.Sprint3.Task6.V29.Lib.csproj", "{DA26FB2B-9D99-43FA-AD04-7E0A1C38BD03}"
EndProject
Project("{FAE04EC0-301F-11D3-BF4B-00C04F79EFBC}") = "Tyuiu.BaldinAA.Sprint3.Task6.V29.Test", "Tyuiu.BaldinAA.Sprint3.Task6.V29.Test\Tyuiu.BaldinAA.Sprint3.Task6.V29.Test.csproj", "{9FA669BD-31E6-41BF-A275-42D3F82213C0}"
EndProject
Project("{2150E333-8FDC-42A3-9474-1A3956D46DE8}") = "Task7", "Task7", "{4D331725-B9D5-473C-8960-DEF7E7054A60}"
EndProject
Project("{FAE04EC0-301F-11D3-BF4B-00C04F79EFBC}") = "Tyuiu.BaldinAA.Sprint3.Task7.V13", "Tyuiu.BaldinAA.Sprint3.Task7.V13\Tyuiu.BaldinAA.Sprint3.Task7.V13.csproj", "{F2F338A0-0646-440A-B9DC-647CBF7CE4B2}"
EndProject
Project("{FAE04EC0-301F-11D3-BF4B-00C04F79EFBC}") = "Tyuiu.BaldinAA.Sprint3.Task7.V13.Lib", "Tyuiu.BaldinAA.Sprint3.Task7.V13.Lib\Tyuiu.BaldinAA.Sprint3.Task7.V13.Lib.csproj", "{580E0A24-6001-45B0-A92F-5AAECED23C4C}"
EndProject
Project("{FAE04EC0-301F-11D3-BF4B-00C04F79EFBC}") = "Tyuiu.BaldinAA.Sprint3.Task7.V13.Test", "Tyuiu.BaldinAA.Sprint3.Task7.V13.Test\Tyuiu.BaldinAA.Sprint3.Task7.V13.Test.csproj", "{C0F884AE-FA06-4117-806D-1C4EE926CB3A}"
EndProject
Global
	GlobalSection(SolutionConfigurationPlatforms) = preSolution
		Debug|Any CPU = Debug|Any CPU
		Release|Any CPU = Release|Any CPU
	EndGlobalSection
	GlobalSection(ProjectConfigurationPlatforms) = postSolution
		{E21B64E2-426E-4D4B-8419-549C1FD2E115}.Debug|Any CPU.ActiveCfg = Debug|Any CPU
		{E21B64E2-426E-4D4B-8419-549C1FD2E115}.Debug|Any CPU.Build.0 = Debug|Any CPU
		{E21B64E2-426E-4D4B-8419-549C1FD2E115}.Release|Any CPU.ActiveCfg = Release|Any CPU
		{E21B64E2-426E-4D4B-8419-549C1FD2E115}.Release|Any CPU.Build.0 = Release|Any CPU
		{4E6354C6-2267-4C2E-9A2B-A06D8FAD56DC}.Debug|Any CPU.ActiveCfg = Debug|Any CPU
		{4E6354C6-2267-4C2E-9A2B-A06D8FAD56DC}.Debug|Any CPU.Build.0 = Debug|Any CPU
		{4E6354C6-2267-4C2E-9A2B-A06D8FAD56DC}.Release|Any CPU.ActiveCfg = Release|Any CPU
		{4E6354C6-2267-4C2E-9A2B-A06D8FAD56DC}.Release|Any CPU.Build.0 = Release|Any CPU
		{6AC61C1C-DD98-4D8A-9917-EF5B57CB2492}.Debug|Any CPU.ActiveCfg = Debug|Any CPU
		{6AC61C1C-DD98-4D8A-9917-EF5B57CB2492}.Debug|Any CPU.Build.0 = Debug|Any CPU
		{6AC61C1C-DD98-4D8A-9917-EF5B57CB2492}.Release|Any CPU.ActiveCfg = Release|Any CPU
		{6AC61C1C-DD98-4D8A-9917-EF5B57CB2492}.Release|Any CPU.Build.0 = Release|Any CPU
		{61178A47-C52C-43C0-93E5-33BE7C5BADB2}.Debug|Any CPU.ActiveCfg = Debug|Any CPU
		{61178A47-C52C-43C0-93E5-33BE7C5BADB2}.Debug|Any CPU.Build.0 = Debug|Any CPU
		{61178A47-C52C-43C0-93E5-33BE7C5BADB2}.Release|Any CPU.ActiveCfg = Release|Any CPU
		{61178A47-C52C-43C0-93E5-33BE7C5BADB2}.Release|Any CPU.Build.0 = Release|Any CPU
		{B7DD55B9-20A3-4492-9000-038AD217F58D}.Debug|Any CPU.ActiveCfg = Debug|Any CPU
		{B7DD55B9-20A3-4492-9000-038AD217F58D}.Debug|Any CPU.Build.0 = Debug|Any CPU
		{B7DD55B9-20A3-4492-9000-038AD217F58D}.Release|Any CPU.ActiveCfg = Release|Any CPU
		{B7DD55B9-20A3-4492-9000-038AD217F58D}.Release|Any CPU.Build.0 = Release|Any CPU
		{216739DB-68D1-4A97-B3FF-6AD6A0A4A02F}.Debug|Any CPU.ActiveCfg = Debug|Any CPU
		{216739DB-68D1-4A97-B3FF-6AD6A0A4A02F}.Debug|Any CPU.Build.0 = Debug|Any CPU
		{216739DB-68D1-4A97-B3FF-6AD6A0A4A02F}.Release|Any CPU.ActiveCfg = Release|Any CPU
		{216739DB-68D1-4A97-B3FF-6AD6A0A4A02F}.Release|Any CPU.Build.0 = Release|Any CPU
		{32C6F44D-753A-4747-B201-36A3D9F36625}.Debug|Any CPU.ActiveCfg = Debug|Any CPU
		{32C6F44D-753A-4747-B201-36A3D9F36625}.Debug|Any CPU.Build.0 = Debug|Any CPU
		{32C6F44D-753A-4747-B201-36A3D9F36625}.Release|Any CPU.ActiveCfg = Release|Any CPU
		{32C6F44D-753A-4747-B201-36A3D9F36625}.Release|Any CPU.Build.0 = Release|Any CPU
		{3247FB96-9442-4C20-8E7A-530477A26356}.Debug|Any CPU.ActiveCfg = Debug|Any CPU
		{3247FB96-9442-4C20-8E7A-530477A26356}.Debug|Any CPU.Build.0 = Debug|Any CPU
		{3247FB96-9442-4C20-8E7A-530477A26356}.Release|Any CPU.ActiveCfg = Release|Any CPU
		{3247FB96-9442-4C20-8E7A-530477A26356}.Release|Any CPU.Build.0 = Release|Any CPU
		{4BBE76BF-49AE-4CAC-BC31-B9BB7F3745E1}.Debug|Any CPU.ActiveCfg = Debug|Any CPU
		{4BBE76BF-49AE-4CAC-BC31-B9BB7F3745E1}.Debug|Any CPU.Build.0 = Debug|Any CPU
		{4BBE76BF-49AE-4CAC-BC31-B9BB7F3745E1}.Release|Any CPU.ActiveCfg = Release|Any CPU
		{4BBE76BF-49AE-4CAC-BC31-B9BB7F3745E1}.Release|Any CPU.Build.0 = Release|Any CPU
		{AA763F25-04E6-41D1-BE5D-609442E0B868}.Debug|Any CPU.ActiveCfg = Debug|Any CPU
		{AA763F25-04E6-41D1-BE5D-609442E0B868}.Debug|Any CPU.Build.0 = Debug|Any CPU
		{AA763F25-04E6-41D1-BE5D-609442E0B868}.Release|Any CPU.ActiveCfg = Release|Any CPU
		{AA763F25-04E6-41D1-BE5D-609442E0B868}.Release|Any CPU.Build.0 = Release|Any CPU
		{6FB384BF-6A8A-4A61-85C6-121C90CE0E56}.Debug|Any CPU.ActiveCfg = Debug|Any CPU
		{6FB384BF-6A8A-4A61-85C6-121C90CE0E56}.Debug|Any CPU.Build.0 = Debug|Any CPU
		{6FB384BF-6A8A-4A61-85C6-121C90CE0E56}.Release|Any CPU.ActiveCfg = Release|Any CPU
		{6FB384BF-6A8A-4A61-85C6-121C90CE0E56}.Release|Any CPU.Build.0 = Release|Any CPU
		{3531875E-CAFC-4E1F-96AD-C3CCF86E812F}.Debug|Any CPU.ActiveCfg = Debug|Any CPU
		{3531875E-CAFC-4E1F-96AD-C3CCF86E812F}.Debug|Any CPU.Build.0 = Debug|Any CPU
		{3531875E-CAFC-4E1F-96AD-C3CCF86E812F}.Release|Any CPU.ActiveCfg = Release|Any CPU
		{3531875E-CAFC-4E1F-96AD-C3CCF86E812F}.Release|Any CPU.Build.0 = Release|Any CPU
		{2E3C2A52-4095-4190-839B-9600BD8011E4}.Debug|Any CPU.ActiveCfg = Debug|Any CPU
		{2E3C2A52-4095-4190-839B-9600BD8011E4}.Debug|Any CPU.Build.0 = Debug|Any CPU
		{2E3C2A52-4095-4190-839B-9600BD8011E4}.Release|Any CPU.ActiveCfg = Release|Any CPU
		{2E3C2A52-4095-4190-839B-9600BD8011E4}.Release|Any CPU.Build.0 = Release|Any CPU
		{85C0311C-3A6E-4A13-8B44-E6F3EF11DACF}.Debug|Any CPU.ActiveCfg = Debug|Any CPU
		{85C0311C-3A6E-4A13-8B44-E6F3EF11DACF}.Debug|Any CPU.Build.0 = Debug|Any CPU
		{85C0311C-3A6E-4A13-8B44-E6F3EF11DACF}.Release|Any CPU.ActiveCfg = Release|Any CPU
		{85C0311C-3A6E-4A13-8B44-E6F3EF11DACF}.Release|Any CPU.Build.0 = Release|Any CPU
		{8F4270D7-0629-4A49-9FF3-75736047E099}.Debug|Any CPU.ActiveCfg = Debug|Any CPU
		{8F4270D7-0629-4A49-9FF3-75736047E099}.Debug|Any CPU.Build.0 = Debug|Any CPU
		{8F4270D7-0629-4A49-9FF3-75736047E099}.Release|Any CPU.ActiveCfg = Release|Any CPU
		{8F4270D7-0629-4A49-9FF3-75736047E099}.Release|Any CPU.Build.0 = Release|Any CPU
		{DB487BFE-3A7D-4827-8E2B-55FFC718A5D2}.Debug|Any CPU.ActiveCfg = Debug|Any CPU
		{DB487BFE-3A7D-4827-8E2B-55FFC718A5D2}.Debug|Any CPU.Build.0 = Debug|Any CPU
		{DB487BFE-3A7D-4827-8E2B-55FFC718A5D2}.Release|Any CPU.ActiveCfg = Release|Any CPU
		{DB487BFE-3A7D-4827-8E2B-55FFC718A5D2}.Release|Any CPU.Build.0 = Release|Any CPU
		{0512FFCD-8C2B-4F50-8086-E7077E1EF549}.Debug|Any CPU.ActiveCfg = Debug|Any CPU
		{0512FFCD-8C2B-4F50-8086-E7077E1EF549}.Debug|Any CPU.Build.0 = Debug|Any CPU
		{0512FFCD-8C2B-4F50-8086-E7077E1EF549}.Release|Any CPU.ActiveCfg = Release|Any CPU
		{0512FFCD-8C2B-4F50-8086-E7077E1EF549}.Release|Any CPU.Build.0 = Release|Any CPU
		{9F9DE549-169A-4898-8BE4-8280DB2F4DA5}.Debug|Any CPU.ActiveCfg = Debug|Any CPU
		{9F9DE549-169A-4898-8BE4-8280DB2F4DA5}.Debug|Any CPU.Build.0 = Debug|Any CPU
		{9F9DE549-169A-4898-8BE4-8280DB2F4DA5}.Release|Any CPU.ActiveCfg = Release|Any CPU
		{9F9DE549-169A-4898-8BE4-8280DB2F4DA5}.Release|Any CPU.Build.0 = Release|Any CPU
		{363E6646-4246-4945-A5FE-105190B5BF60}.Debug|Any CPU.ActiveCfg = Debug|Any CPU
		{363E6646-4246-4945-A5FE-105190B5BF60}.Debug|Any CPU.Build.0 = Debug|Any CPU
		{363E6646-4246-4945-A5FE-105190B5BF60}.Release|Any CPU.ActiveCfg = Release|Any CPU
		{363E6646-4246-4945-A5FE-105190B5BF60}.Release|Any CPU.Build.0 = Release|Any CPU
		{DA26FB2B-9D99-43FA-AD04-7E0A1C38BD03}.Debug|Any CPU.ActiveCfg = Debug|Any CPU
		{DA26FB2B-9D99-43FA-AD04-7E0A1C38BD03}.Debug|Any CPU.Build.0 = Debug|Any CPU
		{DA26FB2B-9D99-43FA-AD04-7E0A1C38BD03}.Release|Any CPU.ActiveCfg = Release|Any CPU
		{DA26FB2B-9D99-43FA-AD04-7E0A1C38BD03}.Release|Any CPU.Build.0 = Release|Any CPU
		{9FA669BD-31E6-41BF-A275-42D3F82213C0}.Debug|Any CPU.ActiveCfg = Debug|Any CPU
		{9FA669BD-31E6-41BF-A275-42D3F82213C0}.Debug|Any CPU.Build.0 = Debug|Any CPU
		{9FA669BD-31E6-41BF-A275-42D3F82213C0}.Release|Any CPU.ActiveCfg = Release|Any CPU
		{9FA669BD-31E6-41BF-A275-42D3F82213C0}.Release|Any CPU.Build.0 = Release|Any CPU
		{F2F338A0-0646-440A-B9DC-647CBF7CE4B2}.Debug|Any CPU.ActiveCfg = Debug|Any CPU
		{F2F338A0-0646-440A-B9DC-647CBF7CE4B2}.Debug|Any CPU.Build.0 = Debug|Any CPU
		{F2F338A0-0646-440A-B9DC-647CBF7CE4B2}.Release|Any CPU.ActiveCfg = Release|Any CPU
		{F2F338A0-0646-440A-B9DC-647CBF7CE4B2}.Release|Any CPU.Build.0 = Release|Any CPU
		{580E0A24-6001-45B0-A92F-5AAECED23C4C}.Debug|Any CPU.ActiveCfg = Debug|Any CPU
		{580E0A24-6001-45B0-A92F-5AAECED23C4C}.Debug|Any CPU.Build.0 = Debug|Any CPU
		{580E0A24-6001-45B0-A92F-5AAECED23C4C}.Release|Any CPU.ActiveCfg = Release|Any CPU
		{580E0A24-6001-45B0-A92F-5AAECED23C4C}.Release|Any CPU.Build.0 = Release|Any CPU
		{C0F884AE-FA06-4117-806D-1C4EE926CB3A}.Debug|Any CPU.ActiveCfg = Debug|Any CPU
		{C0F884AE-FA06-4117-806D-1C4EE926CB3A}.Debug|Any CPU.Build.0 = Debug|Any CPU
		{C0F884AE-FA06-4117-806D-1C4EE926CB3A}.Release|Any CPU.ActiveCfg = Release|Any CPU
		{C0F884AE-FA06-4117-806D-1C4EE926CB3A}.Release|Any CPU.Build.0 = Release|Any CPU
	EndGlobalSection
	GlobalSection(SolutionProperties) = preSolution
		HideSolutionNode = FALSE
	EndGlobalSection
	GlobalSection(NestedProjects) = preSolution
		{E21B64E2-426E-4D4B-8419-549C1FD2E115} = {990E5F6F-E40E-4391-A172-8F11A93EC7C3}
		{4E6354C6-2267-4C2E-9A2B-A06D8FAD56DC} = {990E5F6F-E40E-4391-A172-8F11A93EC7C3}
		{6AC61C1C-DD98-4D8A-9917-EF5B57CB2492} = {990E5F6F-E40E-4391-A172-8F11A93EC7C3}
		{61178A47-C52C-43C0-93E5-33BE7C5BADB2} = {14BBE0E2-8BD5-4679-8382-DEA83061213A}
		{B7DD55B9-20A3-4492-9000-038AD217F58D} = {14BBE0E2-8BD5-4679-8382-DEA83061213A}
		{216739DB-68D1-4A97-B3FF-6AD6A0A4A02F} = {14BBE0E2-8BD5-4679-8382-DEA83061213A}
		{32C6F44D-753A-4747-B201-36A3D9F36625} = {557D8514-1A0B-4434-93A9-F378920BEA06}
		{3247FB96-9442-4C20-8E7A-530477A26356} = {557D8514-1A0B-4434-93A9-F378920BEA06}
		{4BBE76BF-49AE-4CAC-BC31-B9BB7F3745E1} = {557D8514-1A0B-4434-93A9-F378920BEA06}
		{AA763F25-04E6-41D1-BE5D-609442E0B868} = {65ACE34F-D649-4BCF-BD00-A6910152DE1B}
		{6FB384BF-6A8A-4A61-85C6-121C90CE0E56} = {65ACE34F-D649-4BCF-BD00-A6910152DE1B}
		{3531875E-CAFC-4E1F-96AD-C3CCF86E812F} = {65ACE34F-D649-4BCF-BD00-A6910152DE1B}
		{2E3C2A52-4095-4190-839B-9600BD8011E4} = {93847F00-8756-4A4F-99A7-44D5EF6A1881}
		{85C0311C-3A6E-4A13-8B44-E6F3EF11DACF} = {93847F00-8756-4A4F-99A7-44D5EF6A1881}
		{8F4270D7-0629-4A49-9FF3-75736047E099} = {93847F00-8756-4A4F-99A7-44D5EF6A1881}
		{DB487BFE-3A7D-4827-8E2B-55FFC718A5D2} = {63316A17-7C61-4F4C-A4F6-B98172870478}
		{0512FFCD-8C2B-4F50-8086-E7077E1EF549} = {63316A17-7C61-4F4C-A4F6-B98172870478}
		{9F9DE549-169A-4898-8BE4-8280DB2F4DA5} = {63316A17-7C61-4F4C-A4F6-B98172870478}
		{363E6646-4246-4945-A5FE-105190B5BF60} = {59954BFF-3157-4A66-AD12-3A7FF7CF2030}
		{DA26FB2B-9D99-43FA-AD04-7E0A1C38BD03} = {59954BFF-3157-4A66-AD12-3A7FF7CF2030}
		{9FA669BD-31E6-41BF-A275-42D3F82213C0} = {59954BFF-3157-4A66-AD12-3A7FF7CF2030}
		{F2F338A0-0646-440A-B9DC-647CBF7CE4B2} = {4D331725-B9D5-473C-8960-DEF7E7054A60}
		{580E0A24-6001-45B0-A92F-5AAECED23C4C} = {4D331725-B9D5-473C-8960-DEF7E7054A60}
		{C0F884AE-FA06-4117-806D-1C4EE926CB3A} = {4D331725-B9D5-473C-8960-DEF7E7054A60}
	EndGlobalSection
	GlobalSection(ExtensibilityGlobals) = postSolution
		SolutionGuid = {6976C607-ED20-4093-A876-BC254D9496FB}
	EndGlobalSection
EndGlobal
