
Microsoft Visual Studio Solution File, Format Version 12.00
# Visual Studio Version 17
VisualStudioVersion = 17.11.35303.130
MinimumVisualStudioVersion = 10.0.40219.1
Project("{2150E333-8FDC-42A3-9474-1A3956D46DE8}") = "Task0", "Task0", "{990E5F6F-E40E-4391-A172-8F11A93EC7C3}"
EndProject
Project("{FAE04EC0-301F-11D3-BF4B-00C04F79EFBC}") = "Tyuiu.BaldinAA.Sprint3.Task0.V8", "Tyuiu.BaldinAA.Sprint3.Task0.V8\Tyuiu.BaldinAA.Sprint3.Task0.V8.csproj", "{E21B64E2-426E-4D4B-8419-549C1FD2E115}"
EndProject
Project("{FAE04EC0-301F-11D3-BF4B-00C04F79EFBC}") = "Tyuiu.BaldinAA.Sprint3.Task0.V8.Lib", "Tyuiu.BaldinAA.Sprint3.Task0.V8.Lib\Tyuiu.BaldinAA.Sprint3.Task0.V8.Lib.csproj", "{4E6354C6-2267-4C2E-9A2B-A06D8FAD56DC}"
EndProject
Project("{FAE04EC0-301F-11D3-BF4B-00C04F79EFBC}") = "Tyuiu.BaldinAA.Sprint3.Task0.V8.Test", "Tyuiu.BaldinAA.Sprint3.Task0.V8.Test\Tyuiu.BaldinAA.Sprint3.Task0.V8.Test.csproj", "{6AC61C1C-DD98-4D8A-9917-EF5B57CB2492}"
EndProject
Global
	GlobalSection(SolutionConfigurationPlatforms) = preSolution
		Debug|Any CPU = Debug|Any CPU
		Release|Any CPU = Release|Any CPU
	EndGlobalSection
	GlobalSection(ProjectConfigurationPlatforms) = postSolution
		{E21B64E2-426E-4D4B-8419-549C1FD2E115}.Debug|Any CPU.ActiveCfg = Debug|Any CPU
		{E21B64E2-426E-4D4B-8419-549C1FD2E115}.Debug|Any CPU.Build.0 = Debug|Any CPU
		{E21B64E2-426E-4D4B-8419-549C1FD2E115}.Release|Any CPU.ActiveCfg = Release|Any CPU
		{E21B64E2-426E-4D4B-8419-549C1FD2E115}.Release|Any CPU.Build.0 = Release|Any CPU
		{4E6354C6-2267-4C2E-9A2B-A06D8FAD56DC}.Debug|Any CPU.ActiveCfg = Debug|Any CPU
		{4E6354C6-2267-4C2E-9A2B-A06D8FAD56DC}.Debug|Any CPU.Build.0 = Debug|Any CPU
		{4E6354C6-2267-4C2E-9A2B-A06D8FAD56DC}.Release|Any CPU.ActiveCfg = Release|Any CPU
		{4E6354C6-2267-4C2E-9A2B-A06D8FAD56DC}.Release|Any CPU.Build.0 = Release|Any CPU
		{6AC61C1C-DD98-4D8A-9917-EF5B57CB2492}.Debug|Any CPU.ActiveCfg = Debug|Any CPU
		{6AC61C1C-DD98-4D8A-9917-EF5B57CB2492}.Debug|Any CPU.Build.0 = Debug|Any CPU
		{6AC61C1C-DD98-4D8A-9917-EF5B57CB2492}.Release|Any CPU.ActiveCfg = Release|Any CPU
		{6AC61C1C-DD98-4D8A-9917-EF5B57CB2492}.Release|Any CPU.Build.0 = Release|Any CPU
	EndGlobalSection
	GlobalSection(SolutionProperties) = preSolution
		HideSolutionNode = FALSE
	EndGlobalSection
	GlobalSection(NestedProjects) = preSolution
		{E21B64E2-426E-4D4B-8419-549C1FD2E115} = {990E5F6F-E40E-4391-A172-8F11A93EC7C3}
		{4E6354C6-2267-4C2E-9A2B-A06D8FAD56DC} = {990E5F6F-E40E-4391-A172-8F11A93EC7C3}
		{6AC61C1C-DD98-4D8A-9917-EF5B57CB2492} = {990E5F6F-E40E-4391-A172-8F11A93EC7C3}
	EndGlobalSection
	GlobalSection(ExtensibilityGlobals) = postSolution
		SolutionGuid = {6976C607-ED20-4093-A876-BC254D9496FB}
	EndGlobalSection
EndGlobal
