
Microsoft Visual Studio Solution File, Format Version 12.00
# Visual Studio Version 17
VisualStudioVersion = 17.11.35303.130
MinimumVisualStudioVersion = 10.0.40219.1
Project("{2150E333-8FDC-42A3-9474-1A3956D46DE8}") = "Task0", "Task0", "{990E5F6F-E40E-4391-A172-8F11A93EC7C3}"
EndProject
Project("{FAE04EC0-301F-11D3-BF4B-00C04F79EFBC}") = "Tyuiu.BaldinAA.Sprint3.Task0.V8", "Tyuiu.BaldinAA.Sprint3.Task0.V8\Tyuiu.BaldinAA.Sprint3.Task0.V8.csproj", "{E21B64E2-426E-4D4B-8419-549C1FD2E115}"
EndProject
Project("{FAE04EC0-301F-11D3-BF4B-00C04F79EFBC}") = "Tyuiu.BaldinAA.Sprint3.Task0.V8.Lib", "Tyuiu.BaldinAA.Sprint3.Task0.V8.Lib\Tyuiu.BaldinAA.Sprint3.Task0.V8.Lib.csproj", "{4E6354C6-2267-4C2E-9A2B-A06D8FAD56DC}"
EndProject
Project("{FAE04EC0-301F-11D3-BF4B-00C04F79EFBC}") = "Tyuiu.BaldinAA.Sprint3.Task0.V8.Test", "Tyuiu.BaldinAA.Sprint3.Task0.V8.Test\Tyuiu.BaldinAA.Sprint3.Task0.V8.Test.csproj", "{6AC61C1C-DD98-4D8A-9917-EF5B57CB2492}"
EndProject
Project("{2150E333-8FDC-42A3-9474-1A3956D46DE8}") = "Task1", "Task1", "{14BBE0E2-8BD5-4679-8382-DEA83061213A}"
EndProject
Project("{FAE04EC0-301F-11D3-BF4B-00C04F79EFBC}") = "Tyuiu.BaldinAA.Sprint3.Task1.V19", "Tyuiu.BaldinAA.Sprint3.Task1.V19\Tyuiu.BaldinAA.Sprint3.Task1.V19.csproj", "{61178A47-C52C-43C0-93E5-33BE7C5BADB2}"
EndProject
Project("{FAE04EC0-301F-11D3-BF4B-00C04F79EFBC}") = "Tyuiu.BaldinAA.Sprint3.Task1.V19.Lib", "Tyuiu.BaldinAA.Sprint3.Task1.V19.Lib\Tyuiu.BaldinAA.Sprint3.Task1.V19.Lib.csproj", "{B7DD55B9-20A3-4492-9000-038AD217F58D}"
EndProject
Project("{FAE04EC0-301F-11D3-BF4B-00C04F79EFBC}") = "Tyuiu.BaldinAA.Sprint3.Task1.V19.Test", "Tyuiu.BaldinAA.Sprint3.Task1.V19.Test\Tyuiu.BaldinAA.Sprint3.Task1.V19.Test.csproj", "{216739DB-68D1-4A97-B3FF-6AD6A0A4A02F}"
EndProject
Project("{2150E333-8FDC-42A3-9474-1A3956D46DE8}") = "Task2", "Task2", "{557D8514-1A0B-4434-93A9-F378920BEA06}"
EndProject
Project("{2150E333-8FDC-42A3-9474-1A3956D46DE8}") = "Task3", "Task3", "{65ACE34F-D649-4BCF-BD00-A6910152DE1B}"
EndProject
Project("{2150E333-8FDC-42A3-9474-1A3956D46DE8}") = "Task4", "Task4", "{93847F00-8756-4A4F-99A7-44D5EF6A1881}"
EndProject
Project("{2150E333-8FDC-42A3-9474-1A3956D46DE8}") = "Task5", "Task5", "{63316A17-7C61-4F4C-A4F6-B98172870478}"
EndProject
Project("{FAE04EC0-301F-11D3-BF4B-00C04F79EFBC}") = "Tyuiu.BaldinAA.Sprint3.Task2.V21", "Tyuiu.BaldinAA.Sprint3.Task2.V21\Tyuiu.BaldinAA.Sprint3.Task2.V21.csproj", "{32C6F44D-753A-4747-B201-36A3D9F36625}"
EndProject
Project("{FAE04EC0-301F-11D3-BF4B-00C04F79EFBC}") = "Tyuiu.BaldinAA.Sprint3.Task2.V21.Lib", "Tyuiu.BaldinAA.Sprint3.Task2.V21.Lib\Tyuiu.BaldinAA.Sprint3.Task2.V21.Lib.csproj", "{3247FB96-9442-4C20-8E7A-530477A26356}"
EndProject
Project("{FAE04EC0-301F-11D3-BF4B-00C04F79EFBC}") = "Tyuiu.BaldinAA.Sprint3.Task2.V21.Test", "Tyuiu.BaldinAA.Sprint3.Task2.V21.Test\Tyuiu.BaldinAA.Sprint3.Task2.V21.Test.csproj", "{4BBE76BF-49AE-4CAC-BC31-B9BB7F3745E1}"
EndProject
Global
	GlobalSection(SolutionConfigurationPlatforms) = preSolution
		Debug|Any CPU = Debug|Any CPU
		Release|Any CPU = Release|Any CPU
	EndGlobalSection
	GlobalSection(ProjectConfigurationPlatforms) = postSolution
		{E21B64E2-426E-4D4B-8419-549C1FD2E115}.Debug|Any CPU.ActiveCfg = Debug|Any CPU
		{E21B64E2-426E-4D4B-8419-549C1FD2E115}.Debug|Any CPU.Build.0 = Debug|Any CPU
		{E21B64E2-426E-4D4B-8419-549C1FD2E115}.Release|Any CPU.ActiveCfg = Release|Any CPU
		{E21B64E2-426E-4D4B-8419-549C1FD2E115}.Release|Any CPU.Build.0 = Release|Any CPU
		{4E6354C6-2267-4C2E-9A2B-A06D8FAD56DC}.Debug|Any CPU.ActiveCfg = Debug|Any CPU
		{4E6354C6-2267-4C2E-9A2B-A06D8FAD56DC}.Debug|Any CPU.Build.0 = Debug|Any CPU
		{4E6354C6-2267-4C2E-9A2B-A06D8FAD56DC}.Release|Any CPU.ActiveCfg = Release|Any CPU
		{4E6354C6-2267-4C2E-9A2B-A06D8FAD56DC}.Release|Any CPU.Build.0 = Release|Any CPU
		{6AC61C1C-DD98-4D8A-9917-EF5B57CB2492}.Debug|Any CPU.ActiveCfg = Debug|Any CPU
		{6AC61C1C-DD98-4D8A-9917-EF5B57CB2492}.Debug|Any CPU.Build.0 = Debug|Any CPU
		{6AC61C1C-DD98-4D8A-9917-EF5B57CB2492}.Release|Any CPU.ActiveCfg = Release|Any CPU
		{6AC61C1C-DD98-4D8A-9917-EF5B57CB2492}.Release|Any CPU.Build.0 = Release|Any CPU
		{61178A47-C52C-43C0-93E5-33BE7C5BADB2}.Debug|Any CPU.ActiveCfg = Debug|Any CPU
		{61178A47-C52C-43C0-93E5-33BE7C5BADB2}.Debug|Any CPU.Build.0 = Debug|Any CPU
		{61178A47-C52C-43C0-93E5-33BE7C5BADB2}.Release|Any CPU.ActiveCfg = Release|Any CPU
		{61178A47-C52C-43C0-93E5-33BE7C5BADB2}.Release|Any CPU.Build.0 = Release|Any CPU
		{B7DD55B9-20A3-4492-9000-038AD217F58D}.Debug|Any CPU.ActiveCfg = Debug|Any CPU
		{B7DD55B9-20A3-4492-9000-038AD217F58D}.Debug|Any CPU.Build.0 = Debug|Any CPU
		{B7DD55B9-20A3-4492-9000-038AD217F58D}.Release|Any CPU.ActiveCfg = Release|Any CPU
		{B7DD55B9-20A3-4492-9000-038AD217F58D}.Release|Any CPU.Build.0 = Release|Any CPU
		{216739DB-68D1-4A97-B3FF-6AD6A0A4A02F}.Debug|Any CPU.ActiveCfg = Debug|Any CPU
		{216739DB-68D1-4A97-B3FF-6AD6A0A4A02F}.Debug|Any CPU.Build.0 = Debug|Any CPU
		{216739DB-68D1-4A97-B3FF-6AD6A0A4A02F}.Release|Any CPU.ActiveCfg = Release|Any CPU
		{216739DB-68D1-4A97-B3FF-6AD6A0A4A02F}.Release|Any CPU.Build.0 = Release|Any CPU
		{32C6F44D-753A-4747-B201-36A3D9F36625}.Debug|Any CPU.ActiveCfg = Debug|Any CPU
		{32C6F44D-753A-4747-B201-36A3D9F36625}.Debug|Any CPU.Build.0 = Debug|Any CPU
		{32C6F44D-753A-4747-B201-36A3D9F36625}.Release|Any CPU.ActiveCfg = Release|Any CPU
		{32C6F44D-753A-4747-B201-36A3D9F36625}.Release|Any CPU.Build.0 = Release|Any CPU
		{3247FB96-9442-4C20-8E7A-530477A26356}.Debug|Any CPU.ActiveCfg = Debug|Any CPU
		{3247FB96-9442-4C20-8E7A-530477A26356}.Debug|Any CPU.Build.0 = Debug|Any CPU
		{3247FB96-9442-4C20-8E7A-530477A26356}.Release|Any CPU.ActiveCfg = Release|Any CPU
		{3247FB96-9442-4C20-8E7A-530477A26356}.Release|Any CPU.Build.0 = Release|Any CPU
		{4BBE76BF-49AE-4CAC-BC31-B9BB7F3745E1}.Debug|Any CPU.ActiveCfg = Debug|Any CPU
		{4BBE76BF-49AE-4CAC-BC31-B9BB7F3745E1}.Debug|Any CPU.Build.0 = Debug|Any CPU
		{4BBE76BF-49AE-4CAC-BC31-B9BB7F3745E1}.Release|Any CPU.ActiveCfg = Release|Any CPU
		{4BBE76BF-49AE-4CAC-BC31-B9BB7F3745E1}.Release|Any CPU.Build.0 = Release|Any CPU
	EndGlobalSection
	GlobalSection(SolutionProperties) = preSolution
		HideSolutionNode = FALSE
	EndGlobalSection
	GlobalSection(NestedProjects) = preSolution
		{E21B64E2-426E-4D4B-8419-549C1FD2E115} = {990E5F6F-E40E-4391-A172-8F11A93EC7C3}
		{4E6354C6-2267-4C2E-9A2B-A06D8FAD56DC} = {990E5F6F-E40E-4391-A172-8F11A93EC7C3}
		{6AC61C1C-DD98-4D8A-9917-EF5B57CB2492} = {990E5F6F-E40E-4391-A172-8F11A93EC7C3}
		{61178A47-C52C-43C0-93E5-33BE7C5BADB2} = {14BBE0E2-8BD5-4679-8382-DEA83061213A}
		{B7DD55B9-20A3-4492-9000-038AD217F58D} = {14BBE0E2-8BD5-4679-8382-DEA83061213A}
		{216739DB-68D1-4A97-B3FF-6AD6A0A4A02F} = {14BBE0E2-8BD5-4679-8382-DEA83061213A}
		{32C6F44D-753A-4747-B201-36A3D9F36625} = {557D8514-1A0B-4434-93A9-F378920BEA06}
		{3247FB96-9442-4C20-8E7A-530477A26356} = {557D8514-1A0B-4434-93A9-F378920BEA06}
		{4BBE76BF-49AE-4CAC-BC31-B9BB7F3745E1} = {557D8514-1A0B-4434-93A9-F378920BEA06}
	EndGlobalSection
	GlobalSection(ExtensibilityGlobals) = postSolution
		SolutionGuid = {6976C607-ED20-4093-A876-BC254D9496FB}
	EndGlobalSection
EndGlobal
